
Microsoft Visual Studio Solution File, Format Version 12.00
# Visual Studio Version 16
VisualStudioVersion = 16.0.30320.27
MinimumVisualStudioVersion = 10.0.40219.1
Project("{9A19103F-16F7-4668-BE54-9A1E7A4F7556}") = "Shazam", "Shazam\Shazam.csproj", "{3336AB7D-F070-426A-9FEE-9A10CF2AB104}"
EndProject
Project("{9A19103F-16F7-4668-BE54-9A1E7A4F7556}") = "ShazamUnitTests", "ShazamUnitTests\ShazamUnitTests.csproj", "{78C0B33A-81C8-46E5-AAEA-D8DEB29DA81A}"
EndProject
Global
	GlobalSection(SolutionConfigurationPlatforms) = preSolution
		Debug|Any CPU = Debug|Any CPU
		Debug|x64 = Debug|x64
		Debug|x86 = Debug|x86
		Release|Any CPU = Release|Any CPU
		Release|x64 = Release|x64
		Release|x86 = Release|x86
	EndGlobalSection
	GlobalSection(ProjectConfigurationPlatforms) = postSolution
		{3336AB7D-F070-426A-9FEE-9A10CF2AB104}.Debug|Any CPU.ActiveCfg = Debug|Any CPU
		{3336AB7D-F070-426A-9FEE-9A10CF2AB104}.Debug|Any CPU.Build.0 = Debug|Any CPU
		{3336AB7D-F070-426A-9FEE-9A10CF2AB104}.Debug|x64.ActiveCfg = Debug|x64
		{3336AB7D-F070-426A-9FEE-9A10CF2AB104}.Debug|x64.Build.0 = Debug|x64
		{3336AB7D-F070-426A-9FEE-9A10CF2AB104}.Debug|x86.ActiveCfg = Release|x86
		{3336AB7D-F070-426A-9FEE-9A10CF2AB104}.Debug|x86.Build.0 = Release|x86
		{3336AB7D-F070-426A-9FEE-9A10CF2AB104}.Release|Any CPU.ActiveCfg = Release|Any CPU
		{3336AB7D-F070-426A-9FEE-9A10CF2AB104}.Release|Any CPU.Build.0 = Release|Any CPU
		{3336AB7D-F070-426A-9FEE-9A10CF2AB104}.Release|x64.ActiveCfg = Release|x64
		{3336AB7D-F070-426A-9FEE-9A10CF2AB104}.Release|x64.Build.0 = Release|x64
		{3336AB7D-F070-426A-9FEE-9A10CF2AB104}.Release|x86.ActiveCfg = Release|x86
		{3336AB7D-F070-426A-9FEE-9A10CF2AB104}.Release|x86.Build.0 = Release|x86
		{78C0B33A-81C8-46E5-AAEA-D8DEB29DA81A}.Debug|Any CPU.ActiveCfg = Debug|Any CPU
		{78C0B33A-81C8-46E5-AAEA-D8DEB29DA81A}.Debug|Any CPU.Build.0 = Debug|Any CPU
		{78C0B33A-81C8-46E5-AAEA-D8DEB29DA81A}.Debug|x64.ActiveCfg = Debug|Any CPU
		{78C0B33A-81C8-46E5-AAEA-D8DEB29DA81A}.Debug|x64.Build.0 = Debug|Any CPU
		{78C0B33A-81C8-46E5-AAEA-D8DEB29DA81A}.Debug|x86.ActiveCfg = Debug|Any CPU
		{78C0B33A-81C8-46E5-AAEA-D8DEB29DA81A}.Debug|x86.Build.0 = Debug|Any CPU
		{78C0B33A-81C8-46E5-AAEA-D8DEB29DA81A}.Release|Any CPU.ActiveCfg = Release|Any CPU
		{78C0B33A-81C8-46E5-AAEA-D8DEB29DA81A}.Release|Any CPU.Build.0 = Release|Any CPU
		{78C0B33A-81C8-46E5-AAEA-D8DEB29DA81A}.Release|x64.ActiveCfg = Release|Any CPU
		{78C0B33A-81C8-46E5-AAEA-D8DEB29DA81A}.Release|x64.Build.0 = Release|Any CPU
		{78C0B33A-81C8-46E5-AAEA-D8DEB29DA81A}.Release|x86.ActiveCfg = Release|Any CPU
		{78C0B33A-81C8-46E5-AAEA-D8DEB29DA81A}.Release|x86.Build.0 = Release|Any CPU
	EndGlobalSection
	GlobalSection(SolutionProperties) = preSolution
		HideSolutionNode = FALSE
	EndGlobalSection
	GlobalSection(ExtensibilityGlobals) = postSolution
		SolutionGuid = {F7246C49-AC0A-4B36-85C7-611F4A2AD3A2}
	EndGlobalSection
EndGlobal
